
Microsoft Visual Studio Solution File, Format Version 12.00
# Visual Studio Version 17
VisualStudioVersion = 17.10.34607.79
MinimumVisualStudioVersion = 10.0.40219.1
Project("{FAE04EC0-301F-11D3-BF4B-00C04F79EFBC}") = "NewBlog", "src\NewBlog\NewBlog.csproj", "{14DAA59B-325D-439F-9628-F007186CF3F0}"
EndProject
Global
	GlobalSection(SolutionConfigurationPlatforms) = preSolution
		Debug|Any CPU = Debug|Any CPU
		Release|Any CPU = Release|Any CPU
	EndGlobalSection
	GlobalSection(ProjectConfigurationPlatforms) = postSolution
		{14DAA59B-325D-439F-9628-F007186CF3F0}.Debug|Any CPU.ActiveCfg = Debug|Any CPU
		{14DAA59B-325D-439F-9628-F007186CF3F0}.Debug|Any CPU.Build.0 = Debug|Any CPU
		{14DAA59B-325D-439F-9628-F007186CF3F0}.Release|Any CPU.ActiveCfg = Release|Any CPU
		{14DAA59B-325D-439F-9628-F007186CF3F0}.Release|Any CPU.Build.0 = Release|Any CPU
	EndGlobalSection
	GlobalSection(SolutionProperties) = preSolution
		HideSolutionNode = FALSE
	EndGlobalSection
	GlobalSection(ExtensibilityGlobals) = postSolution
		SolutionGuid = {08F63967-8C62-49A4-AACD-5C2EDC4F166E}
	EndGlobalSection
EndGlobal
